
Microsoft Visual Studio Solution File, Format Version 12.00
# Visual Studio 2013
VisualStudioVersion = 12.0.31101.0
MinimumVisualStudioVersion = 10.0.40219.1
Project("{8BC9CEB8-8B4A-11D0-8D11-00A0C91BC942}") = "PsImageNotifyRoutineSpamFilter", "PsImageNotifyRoutineSpamFilter\PsImageNotifyRoutineSpamFilter.vcxproj", "{4A883475-F7A9-47DA-94B8-EC1F992130C4}"
EndProject
Global
	GlobalSection(SolutionConfigurationPlatforms) = preSolution
		Win7 Debug|x64 = Win7 Debug|x64
		Win7 Release|x64 = Win7 Release|x64
		Description = PsImageNotifyRoutine Spam Filter
	EndGlobalSection
	GlobalSection(ProjectConfigurationPlatforms) = postSolution
		{4A883475-F7A9-47DA-94B8-EC1F992130C4}.Win7 Debug|x64.ActiveCfg = Win7 Debug|x64
		{4A883475-F7A9-47DA-94B8-EC1F992130C4}.Win7 Debug|x64.Build.0 = Win7 Debug|x64
		{4A883475-F7A9-47DA-94B8-EC1F992130C4}.Win7 Debug|x64.Deploy.0 = Win7 Debug|x64
		{4A883475-F7A9-47DA-94B8-EC1F992130C4}.Win7 Release|x64.ActiveCfg = Win7 Release|x64
		{4A883475-F7A9-47DA-94B8-EC1F992130C4}.Win7 Release|x64.Build.0 = Win7 Release|x64
	EndGlobalSection
	GlobalSection(SolutionProperties) = preSolution
		HideSolutionNode = FALSE
	EndGlobalSection
EndGlobal
